<?xml version="1.0" encoding="UTF-8" standalone="yes" ?>
<CodeBlocks_project_file>
	<FileVersion major="1" minor="6" />
	<Project>
		<Option title="PIM_IV" />
		<Option pch_mode="2" />
		<Option compiler="gcc" />
		<Build>
			<Target title="Release">
				<Option output="bin/Release/PIM_IV" prefix_auto="1" extension_auto="1" />
				<Option object_output="obj/Release/" />
				<Option type="1" />
				<Option compiler="gcc" />
				<Compiler>
					<Add option="-O2" />
				</Compiler>
				<Linker>
					<Add option="-s" />
				</Linker>
			</Target>
		</Build>
		<Compiler>
			<Add option="-Wall" />
		</Compiler>
		<Unit filename="arquivos/entrada/login.txt" />
		<Unit filename="externos/clearScreen.c">
			<Option compilerVar="CC" />
		</Unit>
		<Unit filename="externos/cores_terminal.c">
			<Option compilerVar="CC" />
		</Unit>
		<Unit filename="headers/headers_programa.h" />
		<Unit filename="main.c">
			<Option compilerVar="CC" />
		</Unit>
		<Unit filename="sistemaFormulario/get/getBairro.c">
			<Option compilerVar="CC" />
		</Unit>
		<Unit filename="sistemaFormulario/get/getCEP.c">
			<Option compilerVar="CC" />
		</Unit>
		<Unit filename="sistemaFormulario/get/getCPF.c">
			<Option compilerVar="CC" />
		</Unit>
		<Unit filename="sistemaFormulario/get/getCidade.c">
			<Option compilerVar="CC" />
		</Unit>
		<Unit filename="sistemaFormulario/get/getComorbidades.c">
			<Option compilerVar="CC" />
		</Unit>
		<Unit filename="sistemaFormulario/get/getComplemento.c">
			<Option compilerVar="CC" />
		</Unit>
		<Unit filename="sistemaFormulario/get/getDataDiagnostico.c">
			<Option compilerVar="CC" />
		</Unit>
		<Unit filename="sistemaFormulario/get/getDataNascimento.c">
			<Option compilerVar="CC" />
		</Unit>
		<Unit filename="sistemaFormulario/get/getEmail.c">
			<Option compilerVar="CC" />
		</Unit>
		<Unit filename="sistemaFormulario/get/getEstado.c">
			<Option compilerVar="CC" />
		</Unit>
		<Unit filename="sistemaFormulario/get/getNome.c">
			<Option compilerVar="CC" />
		</Unit>
		<Unit filename="sistemaFormulario/get/getNumero.c">
			<Option compilerVar="CC" />
		</Unit>
		<Unit filename="sistemaFormulario/get/getRua.c">
			<Option compilerVar="CC" />
		</Unit>
		<Unit filename="sistemaFormulario/get/getTelefone.c">
			<Option compilerVar="CC" />
		</Unit>
		<Unit filename="sistemaFormulario/sistemaFormulario.c">
			<Option compilerVar="CC" />
		</Unit>
		<Unit filename="sistemaFormulario/utils/calculaIdade.c">
			<Option compilerVar="CC" />
		</Unit>
		<Unit filename="sistemaFormulario/utils/exibeResumoFormulario.c">
			<Option compilerVar="CC" />
		</Unit>
		<Unit filename="sistemaFormulario/utils/salvarArquivoGrupoDeRisco.c">
			<Option compilerVar="CC" />
		</Unit>
		<Unit filename="sistemaFormulario/utils/salvarArquivoPaciente.c">
			<Option compilerVar="CC" />
		</Unit>
		<Unit filename="sistemaFormulario/utils/verificaArquivoJaExiste.c">
			<Option compilerVar="CC" />
		</Unit>
		<Unit filename="sistemaFormulario/validacao/validacaoCEP.c">
			<Option compilerVar="CC" />
		</Unit>
		<Unit filename="sistemaFormulario/validacao/validacaoCPF.c">
			<Option compilerVar="CC" />
		</Unit>
		<Unit filename="sistemaFormulario/validacao/validacaoDataDiagnostico.c">
			<Option compilerVar="CC" />
		</Unit>
		<Unit filename="sistemaFormulario/validacao/validacaoDataNascimento.c">
			<Option compilerVar="CC" />
		</Unit>
		<Unit filename="sistemaFormulario/validacao/validacaoEmail.c">
			<Option compilerVar="CC" />
		</Unit>
		<Unit filename="sistemaFormulario/validacao/validacaoEstado.c">
			<Option compilerVar="CC" />
		</Unit>
		<Unit filename="sistemaFormulario/validacao/validacaoNome.c">
			<Option compilerVar="CC" />
		</Unit>
		<Unit filename="sistemaFormulario/validacao/validacaoNumero.c">
			<Option compilerVar="CC" />
		</Unit>
		<Unit filename="sistemaFormulario/validacao/validacaoTelefone.c">
			<Option compilerVar="CC" />
		</Unit>
		<Unit filename="sistemaLogin/sistemaLogin.c">
			<Option compilerVar="CC" />
		</Unit>
		<Unit filename="sistemaLogin/utils/getSenha.c">
			<Option compilerVar="CC" />
		</Unit>
		<Unit filename="sistemaLogin/utils/getUsuario.c">
			<Option compilerVar="CC" />
		</Unit>
		<Unit filename="sistemaLogin/utils/login.c">
			<Option compilerVar="CC" />
		</Unit>
		<Unit filename="utils/converteCParaWindows1252.c">
			<Option compilerVar="CC" />
		</Unit>
		<Unit filename="utils/printfColorido.c">
			<Option compilerVar="CC" />
		</Unit>
		<Unit filename="utils/trimEspacosEmBranco.c">
			<Option compilerVar="CC" />
		</Unit>
		<Extensions />
	</Project>
</CodeBlocks_project_file>
